
Microsoft Visual Studio Solution File, Format Version 12.00
# Visual Studio 15
VisualStudioVersion = 15.0.27130.2027
MinimumVisualStudioVersion = 10.0.40219.1
Project("{FAE04EC0-301F-11D3-BF4B-00C04F79EFBC}") = "Hallmedia.Umbraco.Loadbalance", "Hallmedia.Umbraco.Loadbalance.csproj", "{C6082606-7B8F-4553-8677-86E0E6C7C344}"
EndProject
Global
	GlobalSection(SolutionConfigurationPlatforms) = preSolution
		Debug|Any CPU = Debug|Any CPU
		Release|Any CPU = Release|Any CPU
	EndGlobalSection
	GlobalSection(ProjectConfigurationPlatforms) = postSolution
		{C6082606-7B8F-4553-8677-86E0E6C7C344}.Debug|Any CPU.ActiveCfg = Debug|Any CPU
		{C6082606-7B8F-4553-8677-86E0E6C7C344}.Debug|Any CPU.Build.0 = Debug|Any CPU
		{C6082606-7B8F-4553-8677-86E0E6C7C344}.Release|Any CPU.ActiveCfg = Release|Any CPU
		{C6082606-7B8F-4553-8677-86E0E6C7C344}.Release|Any CPU.Build.0 = Release|Any CPU
	EndGlobalSection
	GlobalSection(SolutionProperties) = preSolution
		HideSolutionNode = FALSE
	EndGlobalSection
	GlobalSection(ExtensibilityGlobals) = postSolution
		SolutionGuid = {50EB54DB-E2C4-4652-870C-6366BA58D8E2}
	EndGlobalSection
EndGlobal
